
Microsoft Visual Studio Solution File, Format Version 12.00
# Visual Studio Version 16
VisualStudioVersion = 16.0.29613.14
MinimumVisualStudioVersion = 10.0.40219.1
Project("{FAE04EC0-301F-11D3-BF4B-00C04F79EFBC}") = "GoldDiggerGUI", "GoldDiggerGUI\GoldDiggerGUI.csproj", "{52C50C4F-5DBF-4793-A5FD-D5F5B6CF8904}"
	ProjectSection(ProjectDependencies) = postProject
		{AEFE708A-6847-4BD2-99E6-20117711A308} = {AEFE708A-6847-4BD2-99E6-20117711A308}
	EndProjectSection
EndProject
Project("{8BC9CEB8-8B4A-11D0-8D11-00A0C91BC942}") = "GoldDiggerCore", "GoldDiggerCore\GoldDiggerCore.vcxproj", "{9FDD7A7F-E911-4218-B706-DD8F0420E9A9}"
EndProject
Project("{8BC9CEB8-8B4A-11D0-8D11-00A0C91BC942}") = "GoldDiggerWrapper", "GoldDiggerWrapper\GoldDiggerWrapper.vcxproj", "{AEFE708A-6847-4BD2-99E6-20117711A308}"
	ProjectSection(ProjectDependencies) = postProject
		{9FDD7A7F-E911-4218-B706-DD8F0420E9A9} = {9FDD7A7F-E911-4218-B706-DD8F0420E9A9}
	EndProjectSection
EndProject
Global
	GlobalSection(SolutionConfigurationPlatforms) = preSolution
		Debug|Any CPU = Debug|Any CPU
		Debug|x64 = Debug|x64
		Debug|x86 = Debug|x86
		Release|Any CPU = Release|Any CPU
		Release|x64 = Release|x64
		Release|x86 = Release|x86
	EndGlobalSection
	GlobalSection(ProjectConfigurationPlatforms) = postSolution
		{52C50C4F-5DBF-4793-A5FD-D5F5B6CF8904}.Debug|Any CPU.ActiveCfg = Release|Any CPU
		{52C50C4F-5DBF-4793-A5FD-D5F5B6CF8904}.Debug|Any CPU.Build.0 = Release|Any CPU
		{52C50C4F-5DBF-4793-A5FD-D5F5B6CF8904}.Debug|x64.ActiveCfg = Debug|Any CPU
		{52C50C4F-5DBF-4793-A5FD-D5F5B6CF8904}.Debug|x64.Build.0 = Debug|Any CPU
		{52C50C4F-5DBF-4793-A5FD-D5F5B6CF8904}.Debug|x86.ActiveCfg = Debug|Any CPU
		{52C50C4F-5DBF-4793-A5FD-D5F5B6CF8904}.Debug|x86.Build.0 = Debug|Any CPU
		{52C50C4F-5DBF-4793-A5FD-D5F5B6CF8904}.Release|Any CPU.ActiveCfg = Release|Any CPU
		{52C50C4F-5DBF-4793-A5FD-D5F5B6CF8904}.Release|Any CPU.Build.0 = Release|Any CPU
		{52C50C4F-5DBF-4793-A5FD-D5F5B6CF8904}.Release|x64.ActiveCfg = Release|Any CPU
		{52C50C4F-5DBF-4793-A5FD-D5F5B6CF8904}.Release|x64.Build.0 = Release|Any CPU
		{52C50C4F-5DBF-4793-A5FD-D5F5B6CF8904}.Release|x86.ActiveCfg = Release|Any CPU
		{52C50C4F-5DBF-4793-A5FD-D5F5B6CF8904}.Release|x86.Build.0 = Release|Any CPU
		{9FDD7A7F-E911-4218-B706-DD8F0420E9A9}.Debug|Any CPU.ActiveCfg = Release|x64
		{9FDD7A7F-E911-4218-B706-DD8F0420E9A9}.Debug|x64.ActiveCfg = Debug|x64
		{9FDD7A7F-E911-4218-B706-DD8F0420E9A9}.Debug|x64.Build.0 = Debug|x64
		{9FDD7A7F-E911-4218-B706-DD8F0420E9A9}.Debug|x86.ActiveCfg = Debug|Win32
		{9FDD7A7F-E911-4218-B706-DD8F0420E9A9}.Debug|x86.Build.0 = Debug|Win32
		{9FDD7A7F-E911-4218-B706-DD8F0420E9A9}.Release|Any CPU.ActiveCfg = Release|x64
		{9FDD7A7F-E911-4218-B706-DD8F0420E9A9}.Release|Any CPU.Build.0 = Release|x64
		{9FDD7A7F-E911-4218-B706-DD8F0420E9A9}.Release|x64.ActiveCfg = Release|x64
		{9FDD7A7F-E911-4218-B706-DD8F0420E9A9}.Release|x64.Build.0 = Release|x64
		{9FDD7A7F-E911-4218-B706-DD8F0420E9A9}.Release|x86.ActiveCfg = Release|Win32
		{9FDD7A7F-E911-4218-B706-DD8F0420E9A9}.Release|x86.Build.0 = Release|Win32
		{AEFE708A-6847-4BD2-99E6-20117711A308}.Debug|Any CPU.ActiveCfg = Release|x64
		{AEFE708A-6847-4BD2-99E6-20117711A308}.Debug|x64.ActiveCfg = Debug|x64
		{AEFE708A-6847-4BD2-99E6-20117711A308}.Debug|x64.Build.0 = Debug|x64
		{AEFE708A-6847-4BD2-99E6-20117711A308}.Debug|x86.ActiveCfg = Debug|Win32
		{AEFE708A-6847-4BD2-99E6-20117711A308}.Debug|x86.Build.0 = Debug|Win32
		{AEFE708A-6847-4BD2-99E6-20117711A308}.Release|Any CPU.ActiveCfg = Release|x64
		{AEFE708A-6847-4BD2-99E6-20117711A308}.Release|Any CPU.Build.0 = Release|x64
		{AEFE708A-6847-4BD2-99E6-20117711A308}.Release|x64.ActiveCfg = Release|x64
		{AEFE708A-6847-4BD2-99E6-20117711A308}.Release|x64.Build.0 = Release|x64
		{AEFE708A-6847-4BD2-99E6-20117711A308}.Release|x86.ActiveCfg = Release|Win32
		{AEFE708A-6847-4BD2-99E6-20117711A308}.Release|x86.Build.0 = Release|Win32
	EndGlobalSection
	GlobalSection(SolutionProperties) = preSolution
		HideSolutionNode = FALSE
	EndGlobalSection
	GlobalSection(ExtensibilityGlobals) = postSolution
		SolutionGuid = {0CA2C328-AFA5-4062-B946-39724DB77C68}
	EndGlobalSection
EndGlobal
